version = 1
revision = 3
requires-python = ">=3.11"

[[package]]
name = "colorama"
version = "0.4.6"
source = { registry = "https://pypi.org/simple" }
sdist = { url = "https://files.pythonhosted.org/packages/d8/53/6f443c9a4a8358a93a6792e2acffb9d9d5cb0a5cfd8802644b7b1c9a02e4/colorama-0.4.6.tar.gz", hash = "sha256:08695f5cb7ed6e0531a20572697297273c47b8cae5a63ffc6d6ed5c201be6e44", size = 27697, upload-time = "2022-10-25T02:36:22.414Z" }
wheels = [
    { url = "https://files.pythonhosted.org/packages/d1/d6/3965ed04c63042e047cb6a3e6ed1a63a35087b6a609aa3a15ed8ac56c221/colorama-0.4.6-py2.py3-none-any.whl", hash = "sha256:4f1d9991f5acc0ca119f9d443620b77f9d6b33703e51011c16baf57afb285fc6", size = 25335, upload-time = "2022-10-25T02:36:20.889Z" },
]

[[package]]
name = "execnet"
version = "2.1.2"
source = { registry = "https://pypi.org/simple" }
sdist = { url = "https://files.pythonhosted.org/packages/bf/89/780e11f9588d9e7128a3f87788354c7946a9cbb1401ad38a48c4db9a4f07/execnet-2.1.2.tar.gz", hash = "sha256:63d83bfdd9a23e35b9c6a3261412324f964c2ec8dcd8d3c6916ee9373e0befcd", size = 166622, upload-time = "2025-11-12T09:56:37.75Z" }
wheels = [
    { url = "https://files.pythonhosted.org/packages/ab/84/02fc1827e8cdded4aa65baef11296a9bbe595c474f0d6d758af082d849fd/execnet-2.1.2-py3-none-any.whl", hash = "sha256:67fba928dd5a544b783f6056f449e5e3931a5c378b128bc18501f7ea79e296ec", size = 40708, upload-time = "2025-11-12T09:56:36.333Z" },
]

[[package]]
name = "iniconfig"
version = "2.3.0"
source = { registry = "https://pypi.org/simple" }
sdist = { url = "https://files.pythonhosted.org/packages/72/34/14ca021ce8e5dfedc35312d08ba8bf51fdd999c576889fc2c24cb97f4f10/iniconfig-2.3.0.tar.gz", hash = "sha256:c76315c77db068650d49c5b56314774a7804df16fee4402c1f19d6d15d8c4730", size = 20503, upload-time = "2025-10-18T21:55:43.219Z" }
wheels = [
    { url = "https://files.pythonhosted.org/packages/cb/b1/3846dd7f199d53cb17f49cba7e651e9ce294d8497c8c150530ed11865bb8/iniconfig-2.3.0-py3-none-any.whl", hash = "sha256:f631c04d2c48c52b84d0d0549c99ff3859c98df65b3101406327ecc7d53fbf12", size = 7484, upload-time = "2025-10-18T21:55:41.639Z" },
]

[[package]]
name = "packaging"
version = "26.3"
source = { registry = "https://pypi.org/simple" }
sdist = { url = "https://files.pythonhosted.org/packages/7d/fa/3944b40b07da9ce895c0e6303a5ab7d53da063554f534556b134a54d6093/packaging-26.3.tar.gz", hash = "sha256:94edc256424af38762eb31306eed28beb9f0efc50a8837492c9d6fd6004aed79", size = 313412, upload-time = "2026-08-04T18:15:28.737Z" }
wheels = [
    { url = "https://files.pythonhosted.org/packages/63/34/ba1c580383c9eada3711951fef0795c80b829a078d72188184bcab9dd527/packaging-26.3-py3-none-any.whl", hash = "sha256:d7193f7c8e4e93f444fde0262bf90af30e16fa0ad0ad44cb553c87339b23cd1c", size = 129956, upload-time = "2026-08-04T18:15:27.159Z" },
]

[[package]]
name = "pluggy"
version = "1.6.0"
source = { registry = "https://pypi.org/simple" }
sdist = { url = "https://files.pythonhosted.org/packages/f9/e2/3e91f31a7d2b083fe6ef3fa267035b518369d9511ffab804f839851d2779/pluggy-1.6.0.tar.gz", hash = "sha256:7dcc130b76258d33b90f61b658791dede3486c3e6bfb003ee5c9bfb396dd22f3", size = 69412, upload-time = "2025-05-15T12:30:07.975Z" }
wheels = [
    { url = "https://files.pythonhosted.org/packages/54/20/4d324d65cc6d9205fabedc306948156824eb9f0ee1633355a8f7ec5c66bf/pluggy-1.6.0-py3-none-any.whl", hash = "sha256:e920276dd6813095e9377c0bc5566d94c932c33b27a3e3945d8389c374dd4746", size = 20538, upload-time = "2025-05-15T12:30:06.134Z" },
]

[[package]]
name = "protobuf"
version = "7.35.1"
source = { registry = "https://pypi.org/simple" }
sdist = { url = "https://files.pythonhosted.org/packages/da/01/9ef0afd7999eb9badb3a768b4aedd78c86d4c65cfaf1958ab276199e76b4/protobuf-7.35.1.tar.gz", hash = "sha256:ce115a26fe0c39a2c29973d914d327e516a6455464489fe3cd1e51a1b354f81a", size = 458717, upload-time = "2026-06-11T21:55:40.257Z" }
wheels = [
    { url = "https://files.pythonhosted.org/packages/10/03/8aeeb7458d22546bf64b5250ca1daeb5ff757d900e8e4a7476c6f0db843e/protobuf-7.35.1-cp310-abi3-macosx_10_9_universal2.whl", hash = "sha256:24f857477359a85c0c235261b8ba905fd51b2562f4a64ca1df5473f29850cbf6", size = 433226, upload-time = "2026-06-11T21:55:31.719Z" },
    { url = "https://files.pythonhosted.org/packages/37/4b/dfb89eb0e652a1ff073c39a59fb5e3a83cfe9b57a2c83fa6d78270101767/protobuf-7.35.1-cp310-abi3-manylinux2014_aarch64.whl", hash = "sha256:11d6b0ec246892d85215b0a13ca6e0233cf5284b68f0ac02646427f4ff88a799", size = 328847, upload-time = "2026-06-11T21:55:34.035Z" },
    { url = "https://files.pythonhosted.org/packages/0f/58/dc12f2cd484951524af6e3382c785869b9b3fb5e52ee95ae23add53ee8f9/protobuf-7.35.1-cp310-abi3-manylinux2014_s390x.whl", hash = "sha256:b73f9489a4b8b1c9cb1f8ed951c736392592edb24b9d6819f36d2e10b171d5b4", size = 344030, upload-time = "2026-06-11T21:55:34.941Z" },
    { url = "https://files.pythonhosted.org/packages/e4/be/5b3cfe508bfab6761414ff944e3366eb13be4fd71efcd69450f89ba39f43/protobuf-7.35.1-cp310-abi3-manylinux2014_x86_64.whl", hash = "sha256:74758715c53d7158fb76caf4f0cfdacc5329a4b1bb994f865d6cf302d413a1c4", size = 327130, upload-time = "2026-06-11T21:55:35.921Z" },
    { url = "https://files.pythonhosted.org/packages/d8/bc/6d6c7ba8709c85f8f2c390b2b118d6fb08a783676a572271851bf45a7d22/protobuf-7.35.1-cp310-abi3-win32.whl", hash = "sha256:353652e4efd0bca5b5fc2656abf8307ef351f0cf938c9eba09f0e09c20a25c30", size = 428945, upload-time = "2026-06-11T21:55:37.034Z" },
    { url = "https://files.pythonhosted.org/packages/0a/19/8d0cb6f20a1ef7b18f1c8986ad5783f22f84cce39c6ce9a6e645ea55192e/protobuf-7.35.1-cp310-abi3-win_amd64.whl", hash = "sha256:230a75ddfc2de4806e56696ce9640c1cdfdb6543b7cfce98d42a4c0a0e7bdb87", size = 439996, upload-time = "2026-06-11T21:55:38.123Z" },
    { url = "https://files.pythonhosted.org/packages/19/c7/5f7c636ec43e0c545e28d1f1db71990108306f7bdcb89f069ba97e428e7f/protobuf-7.35.1-py3-none-any.whl", hash = "sha256:4bc97768d8fe4ad6743c8a19403e314511ed9f6d13205b687e52421c023ac1b9", size = 171659, upload-time = "2026-06-11T21:55:39.155Z" },
]

[[package]]
name = "pygments"
version = "2.21.0"
source = { registry = "https://pypi.org/simple" }
sdist = { url = "https://files.pythonhosted.org/packages/49/2e/ced460408999b33da6b31b0021b0f37d329e202d4169aeb164493778f25b/pygments-2.21.0.tar.gz", hash = "sha256:610ca751c9bc2492b38eb9a38a7fbc93edbbb2d7182edaf34e66ae493dee5c8c", size = 5005329, upload-time = "2026-08-17T08:02:48.824Z" }
wheels = [
    { url = "https://files.pythonhosted.org/packages/71/46/17f022dd3e953bf20a04a028a21ec746d942f8d2af30fa0f124fa0e6a684/pygments-2.21.0-py3-none-any.whl", hash = "sha256:2363c69b61c4a97c838da3b130dcd6468f4848992b21a82f2a63ec34377137d9", size = 1250147, upload-time = "2026-08-17T08:02:44.912Z" },
]

[[package]]
name = "pytest"
version = "9.1.1"
source = { registry = "https://pypi.org/simple" }
dependencies = [
    { name = "colorama", marker = "sys_platform == 'win32'" },
    { name = "iniconfig" },
    { name = "packaging" },
    { name = "pluggy" },
    { name = "pygments" },
]
sdist = { url = "https://files.pythonhosted.org/packages/e4/47/b9efed96c114afcfa3c9d3fe98a76a1d14c74a9e266d397cf6eb64be5e01/pytest-9.1.1.tar.gz", hash = "sha256:1088fbde8f2b49d95a549a195707afa7a76a3ce9bcadc26b6d71f0ffda5fe313", size = 1636369, upload-time = "2026-06-19T10:58:32.857Z" }
wheels = [
    { url = "https://files.pythonhosted.org/packages/24/25/1de2678b631f5a49215c6c96fff41ba892b0a34df68d6d80292b1b48aa7f/pytest-9.1.1-py3-none-any.whl", hash = "sha256:37a86b45efb9a47a61a36449063e8e18d0cab3161329fc099eb21783169c4f0c", size = 386536, upload-time = "2026-06-19T10:58:31.347Z" },
]

[[package]]
name = "pytest-xdist"
version = "3.8.0"
source = { registry = "https://pypi.org/simple" }
dependencies = [
    { name = "execnet" },
    { name = "pytest" },
]
sdist = { url = "https://files.pythonhosted.org/packages/78/b4/439b179d1ff526791eb921115fca8e44e596a13efeda518b9d845a619450/pytest_xdist-3.8.0.tar.gz", hash = "sha256:7e578125ec9bc6050861aa93f2d59f1d8d085595d6551c2c90b6f4fad8d3a9f1", size = 88069, upload-time = "2025-07-01T13:30:59.346Z" }
wheels = [
    { url = "https://files.pythonhosted.org/packages/ca/31/d4e37e9e550c2b92a9cbc2e4d0b7420a27224968580b5a447f420847c975/pytest_xdist-3.8.0-py3-none-any.whl", hash = "sha256:202ca578cfeb7370784a8c33d6d05bc6e13b4f25b5053c30a152269fd10f0b88", size = 46396, upload-time = "2025-07-01T13:30:56.632Z" },
]

[[package]]
name = "ruff"
version = "0.16.4"
source = { registry = "https://pypi.org/simple" }
sdist = { url = "https://files.pythonhosted.org/packages/00/8f/d8074b1f25e003164087a8bfe79a0f1a3945135764dbb6aaab04103dcaf9/ruff-0.16.4.tar.gz", hash = "sha256:13171aa9d9af2240ee3504e639de73122c67e74036de5ba2e1d01422cd17e3dc", size = 4899731, upload-time = "2026-08-20T17:43:59.196Z" }
wheels = [
    { url = "https://files.pythonhosted.org/packages/ff/80/779895ef584e089d22f2c6df0d0e99a65ec2df0805f1fffd439415b8c1f0/ruff-0.16.4-py3-none-linux_armv6l.whl", hash = "sha256:df4075f71ddac40b9934af60c3ec8a53047dd5a5fdc43224e6e4e8e9a27cb6f7", size = 10006909, upload-time = "2026-08-20T17:43:16.888Z" },
    { url = "https://files.pythonhosted.org/packages/a9/e6/f553199b5e8927a05cb5c422d921fd0656b29ab976e91c44802107c6b0da/ruff-0.16.4-py3-none-macosx_10_12_x86_64.whl", hash = "sha256:0c95538517af68004306b0fb3214ff2f2af67a65092aee77cd9eb86db6656604", size = 10240201, upload-time = "2026-08-20T17:43:19.337Z" },
    { url = "https://files.pythonhosted.org/packages/1c/70/4a6dc4bb34da4dee35e30f09bbd1bfbdd26f33b62fb9b8df31f08a199cd2/ruff-0.16.4-py3-none-macosx_11_0_arm64.whl", hash = "sha256:963f83df8e69e575b64d67dd447ebbc917db41a14bf38d4593a4183e7aaa8255", size = 9835122, upload-time = "2026-08-20T17:43:21.708Z" },
    { url = "https://files.pythonhosted.org/packages/24/12/c6e22d686372c15bcb7af99831f1a1be96df696491babf4f24e4f942c527/ruff-0.16.4-py3-none-manylinux_2_17_aarch64.manylinux2014_aarch64.whl", hash = "sha256:32a5057c7ff3f6e6480a48fccfb3a412a690f48a3d03ac5cf08177d6c2da3ade", size = 9977162, upload-time = "2026-08-20T17:43:24.236Z" },
    { url = "https://files.pythonhosted.org/packages/46/49/72b10ec912f5ab5854992eaf7aa7cd36729b6937d9dc4e0fb41b3bf428ec/ruff-0.16.4-py3-none-manylinux_2_17_armv7l.manylinux2014_armv7l.whl", hash = "sha256:b3dce8d9b0c57c265b91885a66a567d8ea1372e8eb4e250fa8e5e3f579e99cff", size = 9829789, upload-time = "2026-08-20T17:43:26.966Z" },
    { url = "https://files.pythonhosted.org/packages/fa/80/0f30e32e7f6ee26edc39075502db9d368d788a44a79b55f763eb4ab03796/ruff-0.16.4-py3-none-manylinux_2_17_i686.manylinux2014_i686.whl", hash = "sha256:7dc651db49283c69f8e72c834eec4fe5573e4c646856aebece0ce385dceb2a80", size = 10527949, upload-time = "2026-08-20T17:43:29.384Z" },
    { url = "https://files.pythonhosted.org/packages/52/3d/86e8ad3542169e56cac3859a343afdb9df2ad54d35a59ce1e67baee83421/ruff-0.16.4-py3-none-manylinux_2_17_ppc64le.manylinux2014_ppc64le.whl", hash = "sha256:3817b87dbcabc92f13b05019257c5b89b5b4d51b5fb20f56fb5235ceb723cd07", size = 11333695, upload-time = "2026-08-20T17:43:31.872Z" },
    { url = "https://files.pythonhosted.org/packages/d0/16/481c29b380c20a0054a8261066665e1b3488e23636c49d0a43e75975b9bb/ruff-0.16.4-py3-none-manylinux_2_17_s390x.manylinux2014_s390x.whl", hash = "sha256:e9fce1499134b2c8c68e5166f95705a5812062bb93aacc5f9873bb1a27084bc7", size = 10727741, upload-time = "2026-08-20T17:43:34.596Z" },
    { url = "https://files.pythonhosted.org/packages/5e/b6/56bc0b8cf45b54b28b3a5e6381c8945d51b5b18adf659454c32295209a31/ruff-0.16.4-py3-none-manylinux_2_17_x86_64.manylinux2014_x86_64.whl", hash = "sha256:f2d812e482f5a7e02eee26cd73d2a37ebbdf47d795ea63ba1b89110ae93e9fb3", size = 10286522, upload-time = "2026-08-20T17:43:37.288Z" },
    { url = "https://files.pythonhosted.org/packages/e8/8b/b345b4fb110f2fbe2bd31eabd271e5e8b3b7e4ee6c0e02f2dc6be78db000/ruff-0.16.4-py3-none-manylinux_2_31_riscv64.whl", hash = "sha256:6baaf984aa7976edf93d3b627fe2d1d22ee94bbca05fa6f90fc76d73924e3454", size = 10584182, upload-time = "2026-08-20T17:43:39.984Z" },
    { url = "https://files.pythonhosted.org/packages/29/e5/827b34041c35f58774a9681a4213994c164fc987800f4dddabcf451da0bf/ruff-0.16.4-py3-none-musllinux_1_2_aarch64.whl", hash = "sha256:bdfcf0b28662eb890372d50f92c283bb94e67e7635ed93c7fd533970acff7b2b", size = 10134195, upload-time = "2026-08-20T17:43:42.351Z" },
    { url = "https://files.pythonhosted.org/packages/0f/10/d0bffcdd6729b87afc82ba0ef377173356a7dc8e972f5179968cf2fdf98c/ruff-0.16.4-py3-none-musllinux_1_2_armv7l.whl", hash = "sha256:b66b02cb9b04f537643cadf5768e5f98dc461890d530cb67113d71c8c76e605d", size = 9825821, upload-time = "2026-08-20T17:43:44.532Z" },
    { url = "https://files.pythonhosted.org/packages/f5/32/0db2a863b796ca62d83e92a07a3ccf00921b14db02059347576a2fda3d4b/ruff-0.16.4-py3-none-musllinux_1_2_i686.whl", hash = "sha256:8528bf9a4b291a60bf02ea453511e8ce6215bd2b982ee80405b66b008b6c30a0", size = 10267658, upload-time = "2026-08-20T17:43:46.989Z" },
    { url = "https://files.pythonhosted.org/packages/b2/a0/fbdeb59e48c6261f523e56c8f12e9c08fbe693786595cc7e3959207a9232/ruff-0.16.4-py3-none-musllinux_1_2_x86_64.whl", hash = "sha256:fbd85d2875fdd67e833213a651f613bbf25303abf6aa822a5121f4531195678d", size = 10697071, upload-time = "2026-08-20T17:43:49.891Z" },
    { url = "https://files.pythonhosted.org/packages/aa/28/0c6dd865859c6d17bc8ccc34cb72b0e02d6c7eb25e8a1e22b5bea681e2c0/ruff-0.16.4-py3-none-win32.whl", hash = "sha256:312769988007aaeb8e189b443ccdd03c0e6374489e053467be6d96518ebff76e", size = 10021687, upload-time = "2026-08-20T17:43:52.281Z" },
    { url = "https://files.pythonhosted.org/packages/a3/03/e724450f621698117f9aa6dd241c94d0274ae96781378dc86745ae29f0e7/ruff-0.16.4-py3-none-win_amd64.whl", hash = "sha256:05d9d27a18c4bcbefada602480ec9e01e0bc949d432e0ced5df77edac195919c", size = 10567657, upload-time = "2026-08-20T17:43:54.78Z" },
    { url = "https://files.pythonhosted.org/packages/0e/fe/da8b9e1347696bb22120b77280ec5ce25d500ca5cb39d5ad6e5c18de19c1/ruff-0.16.4-py3-none-win_arm64.whl", hash = "sha256:a3a61621c9b6f6a89573e938a080e648f1695baa3f58570a3a707bc51ff65a21", size = 10451579, upload-time = "2026-08-20T17:43:57.135Z" },
]

[[package]]
name = "slint-editor-ui-tests"
version = "0.1.0"
source = { virtual = "." }
dependencies = [
    { name = "pytest" },
    { name = "pytest-xdist" },
    { name = "slint-testing" },
]

[package.dev-dependencies]
dev = [
    { name = "ruff" },
    { name = "ty" },
]

[package.metadata]
requires-dist = [
    { name = "pytest", specifier = ">=9,<10" },
    { name = "pytest-xdist", specifier = ">=3.8,<4" },
    { name = "slint-testing", specifier = "==0.3", index = "https://testing.slint.dev/simple/" },
]

[package.metadata.requires-dev]
dev = [
    { name = "ruff", specifier = "==0.16.4" },
    { name = "ty", specifier = "==0.0.73" },
]

[[package]]
name = "slint-testing"
version = "0.3"
source = { registry = "https://testing.slint.dev/simple/" }
dependencies = [
    { name = "protobuf" },
]
wheels = [
    { url = "https://testing.slint.dev/simple/slint-testing/slint_testing-0.3-py3-none-any.whl", hash = "sha256:91c05d4f3faf528df26beb197cce668c7a61e97ac00b46eb0cc09666dbdcfe9f" },
]

[[package]]
name = "ty"
version = "0.0.73"
source = { registry = "https://pypi.org/simple" }
sdist = { url = "https://files.pythonhosted.org/packages/e5/90/c4e1bb4cead3b644c3e258a27f9b05c7dc5eb0ec96a4f5282194edae9e0d/ty-0.0.73.tar.gz", hash = "sha256:823d4ce0d237bfc7eb6bcee70842f2c0706113813a16951077840743712f4b74", size = 6712739, upload-time = "2026-08-19T03:12:43.381Z" }
wheels = [
    { url = "https://files.pythonhosted.org/packages/e4/0f/f5e1801e55cc631f2db193276675b30561b963a2403da832bffb5d100267/ty-0.0.73-py3-none-linux_armv6l.whl", hash = "sha256:90a946082bf9bc446b5e72973d9f4ff1222a240b2ca4c9e6eed61eb913e30810", size = 12715452, upload-time = "2026-08-19T03:12:06.673Z" },
    { url = "https://files.pythonhosted.org/packages/54/32/515dd05074c213b433524ab97eb003b0132ae7e358e0d75633ba7a314ed8/ty-0.0.73-py3-none-macosx_10_12_x86_64.whl", hash = "sha256:b7d6b5c6a6db7ea95fbbc16af514ef44a27a29a2fe1dc798900790364d170209", size = 12301870, upload-time = "2026-08-19T03:12:08.924Z" },
    { url = "https://files.pythonhosted.org/packages/50/4d/085b4889f0d4bbe4af8b96242d4a1cb209fff95967cfa239ea141983719b/ty-0.0.73-py3-none-macosx_11_0_arm64.whl", hash = "sha256:dd6f657f463e01372d8688f235be164750c8db722c97da27fa4903aa8d40b203", size = 12111741, upload-time = "2026-08-19T03:12:11.067Z" },
    { url = "https://files.pythonhosted.org/packages/95/f6/d6ec277cadfecf03ad4c18551b67c4c6eb7807a0560d801db14be99d7a89/ty-0.0.73-py3-none-manylinux_2_17_aarch64.manylinux2014_aarch64.whl", hash = "sha256:fc2de468e33fd44c9ff1c43473a7316f4289480f5cba8995a67b6d22aee39ca9", size = 12196124, upload-time = "2026-08-19T03:12:13.14Z" },
    { url = "https://files.pythonhosted.org/packages/75/b7/ce78d8707563af9cae9bbd25328bfbc4931035085bd20089adf0c418f70e/ty-0.0.73-py3-none-manylinux_2_17_armv7l.manylinux2014_armv7l.whl", hash = "sha256:2942fa0ef795a66034cdc8d75a72f453442f3b58ff2f69b4da05b7b954765b55", size = 12488557, upload-time = "2026-08-19T03:12:15.252Z" },
    { url = "https://files.pythonhosted.org/packages/d8/e8/329b9851b23502758c5c98e8cc875ea2a1b4c9674b4ca3a86da56a5063d3/ty-0.0.73-py3-none-manylinux_2_17_i686.manylinux2014_i686.whl", hash = "sha256:1e0f1ef14f642e18ac4e7a616a2796dcf7a5d82e28cd17f9796494acc7c4aabb", size = 13215606, upload-time = "2026-08-19T03:12:17.225Z" },
    { url = "https://files.pythonhosted.org/packages/36/38/67fedfd2cb77516ef0066b1642f487dba0eb3006493cf3475b15f5b8b228/ty-0.0.73-py3-none-manylinux_2_17_ppc64le.manylinux2014_ppc64le.whl", hash = "sha256:16981e15fdceedb37d0aff76c5ac25914595dfee2675af95335550064251ad22", size = 13665497, upload-time = "2026-08-19T03:12:19.286Z" },
    { url = "https://files.pythonhosted.org/packages/8e/b3/154f4dd48ec5eebc186ab4b822c6e62f982fc5ddfd262d6e3903c2acba44/ty-0.0.73-py3-none-manylinux_2_17_s390x.manylinux2014_s390x.whl", hash = "sha256:644b2bec8a2e2e4957a942ae81d6cff5571c489bb5a8675e4d3886de537a694d", size = 13351231, upload-time = "2026-08-19T03:12:21.353Z" },
    { url = "https://files.pythonhosted.org/packages/35/5f/d462496903fbe453fb76363f8478be929c8e6ff21e6928c57dcd7e5fa21f/ty-0.0.73-py3-none-manylinux_2_17_x86_64.manylinux2014_x86_64.whl", hash = "sha256:338d565be3186f50ff8e9d10483685549c2d23f0754485d5ede3b54f4319188a", size = 12782586, upload-time = "2026-08-19T03:12:23.667Z" },
    { url = "https://files.pythonhosted.org/packages/87/52/ec6d24b74abe3ec324204c1c71e6d0c6c76a17ffc15fd51d603b0a302abe/ty-0.0.73-py3-none-manylinux_2_31_riscv64.whl", hash = "sha256:11c7b6d839309d2c102cb3a4c03d817176bbfab5b2fccc95a75ec5c9597421c9", size = 13247134, upload-time = "2026-08-19T03:12:25.956Z" },
    { url = "https://files.pythonhosted.org/packages/26/20/cc74650fec56a54786c6d7c89e09576fcad3092be34cf21715d39a406a9b/ty-0.0.73-py3-none-musllinux_1_2_aarch64.whl", hash = "sha256:488572db7ff97fb50ea36a76250f2d617c9727d143da6c7bf0623276eb0fc507", size = 12309344, upload-time = "2026-08-19T03:12:28.122Z" },
    { url = "https://files.pythonhosted.org/packages/89/bd/4b0a9087f4315d7fbadf77a3ce44c816cc9ffabed1ced06cc5be81fbc414/ty-0.0.73-py3-none-musllinux_1_2_armv7l.whl", hash = "sha256:1b958ebceefbbf594e59eb8d3d55bbd033ce634026fcba3e4bc3179e78e45bb7", size = 12502319, upload-time = "2026-08-19T03:12:30.128Z" },
    { url = "https://files.pythonhosted.org/packages/11/80/0a925074911fe111912ea29d9eed309bcc183f43d2fb3eef07db056a0beb/ty-0.0.73-py3-none-musllinux_1_2_i686.whl", hash = "sha256:91a32993b3c34e42c3f323ad6c0399cb596bd1c27e9b7f20db7cd64c1067b68e", size = 12753688, upload-time = "2026-08-19T03:12:32.433Z" },
    { url = "https://files.pythonhosted.org/packages/24/6b/aeccaf89efbc2e112bd415340a22e2669ec998aa397242503e747b712ca4/ty-0.0.73-py3-none-musllinux_1_2_x86_64.whl", hash = "sha256:bab8a19fbf51f479bddb2a12c5fabfe52f918a5590362321ed5d89b44eb62c15", size = 13069050, upload-time = "2026-08-19T03:12:35.398Z" },
    { url = "https://files.pythonhosted.org/packages/d7/3e/eae485fd86c1585943fd4e1746b0757b2da01e2c43136ebe8c686fe1c7f1/ty-0.0.73-py3-none-win32.whl", hash = "sha256:03347a612f0fa020b19bfd8dbd521db6ecc75d377a3e4d4f6e6c2e62871da4cc", size = 12053187, upload-time = "2026-08-19T03:12:37.565Z" },
    { url = "https://files.pythonhosted.org/packages/a7/01/9b8b983786e3ce34924e372e8b76b92b508273ab65c589fc7e88cc03ee17/ty-0.0.73-py3-none-win_amd64.whl", hash = "sha256:cedd05122ded0b5dcc55431a370e974b747f99c41c290a3d2ab8c1867f197519", size = 12693838, upload-time = "2026-08-19T03:12:39.483Z" },
    { url = "https://files.pythonhosted.org/packages/ea/88/25333bbfea6a5dc064371d2002d3d4807db90b84d5448f9106b2712b0fbc/ty-0.0.73-py3-none-win_arm64.whl", hash = "sha256:e47068f8369dea5d641a26a2ad0a947a320b02ff87099b07e95de0323245a4dc", size = 12443573, upload-time = "2026-08-19T03:12:41.449Z" },
]
