{
    "name": "printerdemo",
    "version": "0.0.0",
    "lockfileVersion": 1,
    "requires": true,
    "dependencies": {
        "sixtyfps": {
            "version": "file:../../../api/sixtyfps-node",
            "requires": {
                "@types/node": "^14.11.11",
                "neon-cli": "^0.4",
                "typescript": "^4.0.3"
            },
            "dependencies": {
                "@types/node": {
                    "version": "14.14.21",
                    "resolved": "https://registry.npmjs.org/@types/node/-/node-14.14.21.tgz",
                    "integrity": "sha512-cHYfKsnwllYhjOzuC5q1VpguABBeecUp24yFluHpn/BQaVxB1CuQ1FSRZCzrPxrkIfWISXV2LbeoBthLWg0+0A=="
                },
                "ansi-escape-sequences": {
                    "version": "4.1.0",
                    "resolved": "https://registry.npmjs.org/ansi-escape-sequences/-/ansi-escape-sequences-4.1.0.tgz",
                    "integrity": "sha512-dzW9kHxH011uBsidTXd14JXgzye/YLb2LzeKZ4bsgl/Knwx8AtbSFkkGxagdNOoh0DlqHCmfiEjWKBaqjOanVw==",
                    "requires": {
                        "array-back": "^3.0.1"
                    },
                    "dependencies": {
                        "array-back": {
                            "version": "3.1.0",
                            "resolved": "https://registry.npmjs.org/array-back/-/array-back-3.1.0.tgz",
                            "integrity": "sha512-TkuxA4UCOvxuDK6NZYXCalszEzj+TLszyASooky+i742l9TqsOdYCMJJupxRic61hwquNtppB3hgcuq9SVSH1Q=="
                        }
                    }
                },
                "ansi-escapes": {
                    "version": "3.2.0",
                    "resolved": "https://registry.npmjs.org/ansi-escapes/-/ansi-escapes-3.2.0.tgz",
                    "integrity": "sha512-cBhpre4ma+U0T1oM5fXg7Dy1Jw7zzwv7lt/GoCpr+hDQJoYnKVPLL4dCvSEFMmQurOQvSrwT7SL/DAlhBI97RQ=="
                },
                "ansi-regex": {
                    "version": "3.0.0",
                    "resolved": "https://registry.npmjs.org/ansi-regex/-/ansi-regex-3.0.0.tgz",
                    "integrity": "sha1-7QMXwyIGT3lGbAKWa922Bas32Zg="
                },
                "ansi-styles": {
                    "version": "3.2.1",
                    "resolved": "https://registry.npmjs.org/ansi-styles/-/ansi-styles-3.2.1.tgz",
                    "integrity": "sha512-VT0ZI6kZRdTh8YyJw3SMbYm/u+NqfsAxEpWO0Pf9sq8/e94WxxOpPKx9FR1FlyCtOVDNOQ+8ntlqFxiRc+r5qA==",
                    "requires": {
                        "color-convert": "^1.9.0"
                    }
                },
                "array-back": {
                    "version": "2.0.0",
                    "resolved": "https://registry.npmjs.org/array-back/-/array-back-2.0.0.tgz",
                    "integrity": "sha512-eJv4pLLufP3g5kcZry0j6WXpIbzYw9GUB4mVJZno9wfwiBxbizTnHCw3VJb07cBihbFX48Y7oSrW9y+gt4glyw==",
                    "requires": {
                        "typical": "^2.6.1"
                    }
                },
                "balanced-match": {
                    "version": "1.0.0",
                    "resolved": "https://registry.npmjs.org/balanced-match/-/balanced-match-1.0.0.tgz",
                    "integrity": "sha1-ibTRmasr7kneFk6gK4nORi1xt2c="
                },
                "brace-expansion": {
                    "version": "1.1.11",
                    "resolved": "https://registry.npmjs.org/brace-expansion/-/brace-expansion-1.1.11.tgz",
                    "integrity": "sha512-iCuPHDFgrHX7H2vEI/5xpz07zSHB00TpugqhmYtVmMO6518mCuRMoOYFldEBl0g187ufozdaHgWKcYFb61qGiA==",
                    "requires": {
                        "balanced-match": "^1.0.0",
                        "concat-map": "0.0.1"
                    }
                },
                "builtins": {
                    "version": "1.0.3",
                    "resolved": "https://registry.npmjs.org/builtins/-/builtins-1.0.3.tgz",
                    "integrity": "sha1-y5T662HIaWRR2zZTThQi+U8K7og="
                },
                "chalk": {
                    "version": "2.1.0",
                    "resolved": "https://registry.npmjs.org/chalk/-/chalk-2.1.0.tgz",
                    "integrity": "sha512-LUHGS/dge4ujbXMJrnihYMcL4AoOweGnw9Tp3kQuqy1Kx5c1qKjqvMJZ6nVJPMWJtKCTN72ZogH3oeSO9g9rXQ==",
                    "requires": {
                        "ansi-styles": "^3.1.0",
                        "escape-string-regexp": "^1.0.5",
                        "supports-color": "^4.0.0"
                    }
                },
                "chardet": {
                    "version": "0.4.2",
                    "resolved": "https://registry.npmjs.org/chardet/-/chardet-0.4.2.tgz",
                    "integrity": "sha1-tUc7M9yXxCTl2Y3IfVXU2KKci/I="
                },
                "cli-cursor": {
                    "version": "2.1.0",
                    "resolved": "https://registry.npmjs.org/cli-cursor/-/cli-cursor-2.1.0.tgz",
                    "integrity": "sha1-s12sN2R5+sw+lHR9QdDQ9SOP/LU=",
                    "requires": {
                        "restore-cursor": "^2.0.0"
                    }
                },
                "cli-width": {
                    "version": "2.2.1",
                    "resolved": "https://registry.npmjs.org/cli-width/-/cli-width-2.2.1.tgz",
                    "integrity": "sha512-GRMWDxpOB6Dgk2E5Uo+3eEBvtOOlimMmpbFiKuLFnQzYDavtLFY3K5ona41jgN/WdRZtG7utuVSVTL4HbZHGkw=="
                },
                "color-convert": {
                    "version": "1.9.3",
                    "resolved": "https://registry.npmjs.org/color-convert/-/color-convert-1.9.3.tgz",
                    "integrity": "sha512-QfAUtd+vFdAtFQcC8CCyYt1fYWxSqAiK2cSD6zDB8N3cpsEBAvRxp9zOGg6G/SHHJYAT88/az/IuDGALsNVbGg==",
                    "requires": {
                        "color-name": "1.1.3"
                    }
                },
                "color-name": {
                    "version": "1.1.3",
                    "resolved": "https://registry.npmjs.org/color-name/-/color-name-1.1.3.tgz",
                    "integrity": "sha1-p9BVi9icQveV3UIyj3QIMcpTvCU="
                },
                "command-line-args": {
                    "version": "4.0.7",
                    "resolved": "https://registry.npmjs.org/command-line-args/-/command-line-args-4.0.7.tgz",
                    "integrity": "sha512-aUdPvQRAyBvQd2n7jXcsMDz68ckBJELXNzBybCHOibUWEg0mWTnaYCSRU8h9R+aNRSvDihJtssSRCiDRpLaezA==",
                    "requires": {
                        "array-back": "^2.0.0",
                        "find-replace": "^1.0.3",
                        "typical": "^2.6.1"
                    }
                },
                "command-line-commands": {
                    "version": "2.0.1",
                    "resolved": "https://registry.npmjs.org/command-line-commands/-/command-line-commands-2.0.1.tgz",
                    "integrity": "sha512-m8c2p1DrNd2ruIAggxd/y6DgygQayf6r8RHwchhXryaLF8I6koYjoYroVP+emeROE9DXN5b9sP1Gh+WtvTTdtQ==",
                    "requires": {
                        "array-back": "^2.0.0"
                    }
                },
                "command-line-usage": {
                    "version": "4.1.0",
                    "resolved": "https://registry.npmjs.org/command-line-usage/-/command-line-usage-4.1.0.tgz",
                    "integrity": "sha512-MxS8Ad995KpdAC0Jopo/ovGIroV/m0KHwzKfXxKag6FHOkGsH8/lv5yjgablcRxCJJC0oJeUMuO/gmaq+Wq46g==",
                    "requires": {
                        "ansi-escape-sequences": "^4.0.0",
                        "array-back": "^2.0.0",
                        "table-layout": "^0.4.2",
                        "typical": "^2.6.1"
                    }
                },
                "concat-map": {
                    "version": "0.0.1",
                    "resolved": "https://registry.npmjs.org/concat-map/-/concat-map-0.0.1.tgz",
                    "integrity": "sha1-2Klr13/Wjfd5OnMDajug1UBdR3s="
                },
                "deep-extend": {
                    "version": "0.6.0",
                    "resolved": "https://registry.npmjs.org/deep-extend/-/deep-extend-0.6.0.tgz",
                    "integrity": "sha512-LOHxIOaPYdHlJRtCQfDIVZtfw/ufM8+rVj649RIHzcm/vGwQRXFt6OPqIFWsm2XEMrNIEtWR64sY1LEKD2vAOA=="
                },
                "escape-string-regexp": {
                    "version": "1.0.5",
                    "resolved": "https://registry.npmjs.org/escape-string-regexp/-/escape-string-regexp-1.0.5.tgz",
                    "integrity": "sha1-G2HAViGQqN/2rjuyzwIAyhMLhtQ="
                },
                "external-editor": {
                    "version": "2.2.0",
                    "resolved": "https://registry.npmjs.org/external-editor/-/external-editor-2.2.0.tgz",
                    "integrity": "sha512-bSn6gvGxKt+b7+6TKEv1ZycHleA7aHhRHyAqJyp5pbUFuYYNIzpZnQDk7AsYckyWdEnTeAnay0aCy2aV6iTk9A==",
                    "requires": {
                        "chardet": "^0.4.0",
                        "iconv-lite": "^0.4.17",
                        "tmp": "^0.0.33"
                    }
                },
                "figures": {
                    "version": "2.0.0",
                    "resolved": "https://registry.npmjs.org/figures/-/figures-2.0.0.tgz",
                    "integrity": "sha1-OrGi0qYsi/tDGgyUy3l6L84nyWI=",
                    "requires": {
                        "escape-string-regexp": "^1.0.5"
                    }
                },
                "find-replace": {
                    "version": "1.0.3",
                    "resolved": "https://registry.npmjs.org/find-replace/-/find-replace-1.0.3.tgz",
                    "integrity": "sha1-uI5zZNLZyVlVnziMZmcNYTBEH6A=",
                    "requires": {
                        "array-back": "^1.0.4",
                        "test-value": "^2.1.0"
                    },
                    "dependencies": {
                        "array-back": {
                            "version": "1.0.4",
                            "resolved": "https://registry.npmjs.org/array-back/-/array-back-1.0.4.tgz",
                            "integrity": "sha1-ZEun8JX3/898Q7Xw3DnTwfA8Bjs=",
                            "requires": {
                                "typical": "^2.6.0"
                            }
                        }
                    }
                },
                "fs.realpath": {
                    "version": "1.0.0",
                    "resolved": "https://registry.npmjs.org/fs.realpath/-/fs.realpath-1.0.0.tgz",
                    "integrity": "sha1-FQStJSMVjKpA20onh8sBQRmU6k8="
                },
                "git-config": {
                    "version": "0.0.7",
                    "resolved": "https://registry.npmjs.org/git-config/-/git-config-0.0.7.tgz",
                    "integrity": "sha1-qcij7wendsPXImE1bYtye2IgKyg=",
                    "requires": {
                        "iniparser": "~1.0.5"
                    }
                },
                "glob": {
                    "version": "7.1.6",
                    "resolved": "https://registry.npmjs.org/glob/-/glob-7.1.6.tgz",
                    "integrity": "sha512-LwaxwyZ72Lk7vZINtNNrywX0ZuLyStrdDtabefZKAY5ZGJhVtgdznluResxNmPitE0SAO+O26sWTHeKSI2wMBA==",
                    "requires": {
                        "fs.realpath": "^1.0.0",
                        "inflight": "^1.0.4",
                        "inherits": "2",
                        "minimatch": "^3.0.4",
                        "once": "^1.3.0",
                        "path-is-absolute": "^1.0.0"
                    }
                },
                "handlebars": {
                    "version": "4.7.6",
                    "resolved": "https://registry.npmjs.org/handlebars/-/handlebars-4.7.6.tgz",
                    "integrity": "sha512-1f2BACcBfiwAfStCKZNrUCgqNZkGsAT7UM3kkYtXuLo0KnaVfjKOyf7PRzB6++aK9STyT1Pd2ZCPe3EGOXleXA==",
                    "requires": {
                        "minimist": "^1.2.5",
                        "neo-async": "^2.6.0",
                        "source-map": "^0.6.1",
                        "uglify-js": "^3.1.4",
                        "wordwrap": "^1.0.0"
                    }
                },
                "has-flag": {
                    "version": "2.0.0",
                    "resolved": "https://registry.npmjs.org/has-flag/-/has-flag-2.0.0.tgz",
                    "integrity": "sha1-6CB68cx7MNRGzHC3NLXovhj4jVE="
                },
                "iconv-lite": {
                    "version": "0.4.24",
                    "resolved": "https://registry.npmjs.org/iconv-lite/-/iconv-lite-0.4.24.tgz",
                    "integrity": "sha512-v3MXnZAcvnywkTUEZomIActle7RXXeedOR31wwl7VlyoXO4Qi9arvSenNQWne1TcRwhCL1HwLI21bEqdpj8/rA==",
                    "requires": {
                        "safer-buffer": ">= 2.1.2 < 3"
                    }
                },
                "inflight": {
                    "version": "1.0.6",
                    "resolved": "https://registry.npmjs.org/inflight/-/inflight-1.0.6.tgz",
                    "integrity": "sha1-Sb1jMdfQLQwJvJEKEHW6gWW1bfk=",
                    "requires": {
                        "once": "^1.3.0",
                        "wrappy": "1"
                    }
                },
                "inherits": {
                    "version": "2.0.4",
                    "resolved": "https://registry.npmjs.org/inherits/-/inherits-2.0.4.tgz",
                    "integrity": "sha512-k/vGaX4/Yla3WzyMCvTQOXYeIHvqOKtnqBduzTHpzpQZzAskKMhZ2K+EnBiSM9zGSoIFeMpXKxa4dYeZIQqewQ=="
                },
                "iniparser": {
                    "version": "1.0.5",
                    "resolved": "https://registry.npmjs.org/iniparser/-/iniparser-1.0.5.tgz",
                    "integrity": "sha1-g21r7+bfv87gvM8c+fKsxwJ/eD0="
                },
                "inquirer": {
                    "version": "3.3.0",
                    "resolved": "https://registry.npmjs.org/inquirer/-/inquirer-3.3.0.tgz",
                    "integrity": "sha512-h+xtnyk4EwKvFWHrUYsWErEVR+igKtLdchu+o0Z1RL7VU/jVMFbYir2bp6bAj8efFNxWqHX0dIss6fJQ+/+qeQ==",
                    "requires": {
                        "ansi-escapes": "^3.0.0",
                        "chalk": "^2.0.0",
                        "cli-cursor": "^2.1.0",
                        "cli-width": "^2.0.0",
                        "external-editor": "^2.0.4",
                        "figures": "^2.0.0",
                        "lodash": "^4.3.0",
                        "mute-stream": "0.0.7",
                        "run-async": "^2.2.0",
                        "rx-lite": "^4.0.8",
                        "rx-lite-aggregates": "^4.0.8",
                        "string-width": "^2.1.0",
                        "strip-ansi": "^4.0.0",
                        "through": "^2.3.6"
                    }
                },
                "is-fullwidth-code-point": {
                    "version": "2.0.0",
                    "resolved": "https://registry.npmjs.org/is-fullwidth-code-point/-/is-fullwidth-code-point-2.0.0.tgz",
                    "integrity": "sha1-o7MKXE8ZkYMWeqq5O+764937ZU8="
                },
                "lodash": {
                    "version": "4.17.20",
                    "resolved": "https://registry.npmjs.org/lodash/-/lodash-4.17.20.tgz",
                    "integrity": "sha512-PlhdFcillOINfeV7Ni6oF1TAEayyZBoZ8bcshTHqOYJYlrqzRK5hagpagky5o4HfCzzd1TRkXPMFq6cKk9rGmA=="
                },
                "lodash.padend": {
                    "version": "4.6.1",
                    "resolved": "https://registry.npmjs.org/lodash.padend/-/lodash.padend-4.6.1.tgz",
                    "integrity": "sha1-U8y6BH0G4VjTEfRdpiX05J5vFm4="
                },
                "mimic-fn": {
                    "version": "1.2.0",
                    "resolved": "https://registry.npmjs.org/mimic-fn/-/mimic-fn-1.2.0.tgz",
                    "integrity": "sha512-jf84uxzwiuiIVKiOLpfYk7N46TSy8ubTonmneY9vrpHNAnp0QBt2BxWV9dO3/j+BoVAb+a5G6YDPW3M5HOdMWQ=="
                },
                "minimatch": {
                    "version": "3.0.4",
                    "resolved": "https://registry.npmjs.org/minimatch/-/minimatch-3.0.4.tgz",
                    "integrity": "sha512-yJHVQEhyqPLUTgt9B83PXu6W3rx4MvvHvSUvToogpwoGDOUQ+yDrR0HRot+yOCdCO7u4hX3pWft6kWBBcqh0UA==",
                    "requires": {
                        "brace-expansion": "^1.1.7"
                    }
                },
                "minimist": {
                    "version": "1.2.5",
                    "resolved": "https://registry.npmjs.org/minimist/-/minimist-1.2.5.tgz",
                    "integrity": "sha512-FM9nNUYrRBAELZQT3xeZQ7fmMOBg6nWNmJKTcgsJeaLstP/UODVpGsr5OhXhhXg6f+qtJ8uiZ+PUxkDWcgIXLw=="
                },
                "mkdirp": {
                    "version": "0.5.5",
                    "resolved": "https://registry.npmjs.org/mkdirp/-/mkdirp-0.5.5.tgz",
                    "integrity": "sha512-NKmAlESf6jMGym1++R0Ra7wvhV+wFW63FaSOFPwRahvea0gMUcGUhVeAg/0BC0wiv9ih5NYPB1Wn1UEI1/L+xQ==",
                    "requires": {
                        "minimist": "^1.2.5"
                    }
                },
                "mute-stream": {
                    "version": "0.0.7",
                    "resolved": "https://registry.npmjs.org/mute-stream/-/mute-stream-0.0.7.tgz",
                    "integrity": "sha1-MHXOk7whuPq0PhvE2n6BFe0ee6s="
                },
                "neo-async": {
                    "version": "2.6.2",
                    "resolved": "https://registry.npmjs.org/neo-async/-/neo-async-2.6.2.tgz",
                    "integrity": "sha512-Yd3UES5mWCSqR+qNT93S3UoYUkqAZ9lLg8a7g9rimsWmYGK8cVToA4/sF3RrshdyV3sAGMXVUmpMYOw+dLpOuw=="
                },
                "neon-cli": {
                    "version": "0.4.0",
                    "resolved": "https://registry.npmjs.org/neon-cli/-/neon-cli-0.4.0.tgz",
                    "integrity": "sha512-66HhHb8rk+zHSG64CI6jhyOQqpibBAald8ObdQPCjXcCjzSEVnkQHutUE8dyNlHRNT7xLfrZGkDbtwrYh2p+6w==",
                    "requires": {
                        "chalk": "~2.1.0",
                        "command-line-args": "^4.0.2",
                        "command-line-commands": "^2.0.0",
                        "command-line-usage": "^4.0.0",
                        "git-config": "0.0.7",
                        "handlebars": "^4.1.0",
                        "inquirer": "^3.0.6",
                        "mkdirp": "^0.5.1",
                        "quickly-copy-file": "^1.0.0",
                        "rimraf": "^2.6.1",
                        "rsvp": "^4.6.1",
                        "semver": "^5.1.0",
                        "toml": "^2.3.0",
                        "ts-typed-json": "^0.2.2",
                        "validate-npm-package-license": "^3.0.1",
                        "validate-npm-package-name": "^3.0.0"
                    }
                },
                "once": {
                    "version": "1.4.0",
                    "resolved": "https://registry.npmjs.org/once/-/once-1.4.0.tgz",
                    "integrity": "sha1-WDsap3WWHUsROsF9nFC6753Xa9E=",
                    "requires": {
                        "wrappy": "1"
                    }
                },
                "onetime": {
                    "version": "2.0.1",
                    "resolved": "https://registry.npmjs.org/onetime/-/onetime-2.0.1.tgz",
                    "integrity": "sha1-BnQoIw/WdEOyeUsiu6UotoZ5YtQ=",
                    "requires": {
                        "mimic-fn": "^1.0.0"
                    }
                },
                "os-tmpdir": {
                    "version": "1.0.2",
                    "resolved": "https://registry.npmjs.org/os-tmpdir/-/os-tmpdir-1.0.2.tgz",
                    "integrity": "sha1-u+Z0BseaqFxc/sdm/lc0VV36EnQ="
                },
                "path-is-absolute": {
                    "version": "1.0.1",
                    "resolved": "https://registry.npmjs.org/path-is-absolute/-/path-is-absolute-1.0.1.tgz",
                    "integrity": "sha1-F0uSaHNVNP+8es5r9TpanhtcX18="
                },
                "quickly-copy-file": {
                    "version": "1.0.0",
                    "resolved": "https://registry.npmjs.org/quickly-copy-file/-/quickly-copy-file-1.0.0.tgz",
                    "integrity": "sha1-n4/wZiMFEO50IrASFHKwk6hpCFk=",
                    "requires": {
                        "mkdirp": "~0.5.0"
                    }
                },
                "reduce-flatten": {
                    "version": "1.0.1",
                    "resolved": "https://registry.npmjs.org/reduce-flatten/-/reduce-flatten-1.0.1.tgz",
                    "integrity": "sha1-JYx479FT3fk8tWEjf2EYTzaW4yc="
                },
                "restore-cursor": {
                    "version": "2.0.0",
                    "resolved": "https://registry.npmjs.org/restore-cursor/-/restore-cursor-2.0.0.tgz",
                    "integrity": "sha1-n37ih/gv0ybU/RYpI9YhKe7g368=",
                    "requires": {
                        "onetime": "^2.0.0",
                        "signal-exit": "^3.0.2"
                    }
                },
                "rimraf": {
                    "version": "2.7.1",
                    "resolved": "https://registry.npmjs.org/rimraf/-/rimraf-2.7.1.tgz",
                    "integrity": "sha512-uWjbaKIK3T1OSVptzX7Nl6PvQ3qAGtKEtVRjRuazjfL3Bx5eI409VZSqgND+4UNnmzLVdPj9FqFJNPqBZFve4w==",
                    "requires": {
                        "glob": "^7.1.3"
                    }
                },
                "rsvp": {
                    "version": "4.8.5",
                    "resolved": "https://registry.npmjs.org/rsvp/-/rsvp-4.8.5.tgz",
                    "integrity": "sha512-nfMOlASu9OnRJo1mbEk2cz0D56a1MBNrJ7orjRZQG10XDyuvwksKbuXNp6qa+kbn839HwjwhBzhFmdsaEAfauA=="
                },
                "run-async": {
                    "version": "2.4.1",
                    "resolved": "https://registry.npmjs.org/run-async/-/run-async-2.4.1.tgz",
                    "integrity": "sha512-tvVnVv01b8c1RrA6Ep7JkStj85Guv/YrMcwqYQnwjsAS2cTmmPGBBjAjpCW7RrSodNSoE2/qg9O4bceNvUuDgQ=="
                },
                "rx-lite": {
                    "version": "4.0.8",
                    "resolved": "https://registry.npmjs.org/rx-lite/-/rx-lite-4.0.8.tgz",
                    "integrity": "sha1-Cx4Rr4vESDbwSmQH6S2kJGe3lEQ="
                },
                "rx-lite-aggregates": {
                    "version": "4.0.8",
                    "resolved": "https://registry.npmjs.org/rx-lite-aggregates/-/rx-lite-aggregates-4.0.8.tgz",
                    "integrity": "sha1-dTuHqJoRyVRnxKwWJsTvxOBcZ74=",
                    "requires": {
                        "rx-lite": "*"
                    }
                },
                "safer-buffer": {
                    "version": "2.1.2",
                    "resolved": "https://registry.npmjs.org/safer-buffer/-/safer-buffer-2.1.2.tgz",
                    "integrity": "sha512-YZo3K82SD7Riyi0E1EQPojLz7kpepnSQI9IyPbHHg1XXXevb5dJI7tpyN2ADxGcQbHG7vcyRHk0cbwqcQriUtg=="
                },
                "semver": {
                    "version": "5.7.1",
                    "resolved": "https://registry.npmjs.org/semver/-/semver-5.7.1.tgz",
                    "integrity": "sha512-sauaDf/PZdVgrLTNYHRtpXa1iRiKcaebiKQ1BJdpQlWH2lCvexQdX55snPFyK7QzpudqbCI0qXFfOasHdyNDGQ=="
                },
                "signal-exit": {
                    "version": "3.0.3",
                    "resolved": "https://registry.npmjs.org/signal-exit/-/signal-exit-3.0.3.tgz",
                    "integrity": "sha512-VUJ49FC8U1OxwZLxIbTTrDvLnf/6TDgxZcK8wxR8zs13xpx7xbG60ndBlhNrFi2EMuFRoeDoJO7wthSLq42EjA=="
                },
                "source-map": {
                    "version": "0.6.1",
                    "resolved": "https://registry.npmjs.org/source-map/-/source-map-0.6.1.tgz",
                    "integrity": "sha512-UjgapumWlbMhkBgzT7Ykc5YXUT46F0iKu8SGXq0bcwP5dz/h0Plj6enJqjz1Zbq2l5WaqYnrVbwWOWMyF3F47g=="
                },
                "spdx-correct": {
                    "version": "3.1.1",
                    "resolved": "https://registry.npmjs.org/spdx-correct/-/spdx-correct-3.1.1.tgz",
                    "integrity": "sha512-cOYcUWwhCuHCXi49RhFRCyJEK3iPj1Ziz9DpViV3tbZOwXD49QzIN3MpOLJNxh2qwq2lJJZaKMVw9qNi4jTC0w==",
                    "requires": {
                        "spdx-expression-parse": "^3.0.0",
                        "spdx-license-ids": "^3.0.0"
                    }
                },
                "spdx-exceptions": {
                    "version": "2.3.0",
                    "resolved": "https://registry.npmjs.org/spdx-exceptions/-/spdx-exceptions-2.3.0.tgz",
                    "integrity": "sha512-/tTrYOC7PPI1nUAgx34hUpqXuyJG+DTHJTnIULG4rDygi4xu/tfgmq1e1cIRwRzwZgo4NLySi+ricLkZkw4i5A=="
                },
                "spdx-expression-parse": {
                    "version": "3.0.1",
                    "resolved": "https://registry.npmjs.org/spdx-expression-parse/-/spdx-expression-parse-3.0.1.tgz",
                    "integrity": "sha512-cbqHunsQWnJNE6KhVSMsMeH5H/L9EpymbzqTQ3uLwNCLZ1Q481oWaofqH7nO6V07xlXwY6PhQdQ2IedWx/ZK4Q==",
                    "requires": {
                        "spdx-exceptions": "^2.1.0",
                        "spdx-license-ids": "^3.0.0"
                    }
                },
                "spdx-license-ids": {
                    "version": "3.0.7",
                    "resolved": "https://registry.npmjs.org/spdx-license-ids/-/spdx-license-ids-3.0.7.tgz",
                    "integrity": "sha512-U+MTEOO0AiDzxwFvoa4JVnMV6mZlJKk2sBLt90s7G0Gd0Mlknc7kxEn3nuDPNZRta7O2uy8oLcZLVT+4sqNZHQ=="
                },
                "string-width": {
                    "version": "2.1.1",
                    "resolved": "https://registry.npmjs.org/string-width/-/string-width-2.1.1.tgz",
                    "integrity": "sha512-nOqH59deCq9SRHlxq1Aw85Jnt4w6KvLKqWVik6oA9ZklXLNIOlqg4F2yrT1MVaTjAqvVwdfeZ7w7aCvJD7ugkw==",
                    "requires": {
                        "is-fullwidth-code-point": "^2.0.0",
                        "strip-ansi": "^4.0.0"
                    }
                },
                "strip-ansi": {
                    "version": "4.0.0",
                    "resolved": "https://registry.npmjs.org/strip-ansi/-/strip-ansi-4.0.0.tgz",
                    "integrity": "sha1-qEeQIusaw2iocTibY1JixQXuNo8=",
                    "requires": {
                        "ansi-regex": "^3.0.0"
                    }
                },
                "supports-color": {
                    "version": "4.5.0",
                    "resolved": "https://registry.npmjs.org/supports-color/-/supports-color-4.5.0.tgz",
                    "integrity": "sha1-vnoN5ITexcXN34s9WRJQRJEvY1s=",
                    "requires": {
                        "has-flag": "^2.0.0"
                    }
                },
                "table-layout": {
                    "version": "0.4.5",
                    "resolved": "https://registry.npmjs.org/table-layout/-/table-layout-0.4.5.tgz",
                    "integrity": "sha512-zTvf0mcggrGeTe/2jJ6ECkJHAQPIYEwDoqsiqBjI24mvRmQbInK5jq33fyypaCBxX08hMkfmdOqj6haT33EqWw==",
                    "requires": {
                        "array-back": "^2.0.0",
                        "deep-extend": "~0.6.0",
                        "lodash.padend": "^4.6.1",
                        "typical": "^2.6.1",
                        "wordwrapjs": "^3.0.0"
                    }
                },
                "test-value": {
                    "version": "2.1.0",
                    "resolved": "https://registry.npmjs.org/test-value/-/test-value-2.1.0.tgz",
                    "integrity": "sha1-Edpv9nDzRxpztiXKTz/c97t0gpE=",
                    "requires": {
                        "array-back": "^1.0.3",
                        "typical": "^2.6.0"
                    },
                    "dependencies": {
                        "array-back": {
                            "version": "1.0.4",
                            "resolved": "https://registry.npmjs.org/array-back/-/array-back-1.0.4.tgz",
                            "integrity": "sha1-ZEun8JX3/898Q7Xw3DnTwfA8Bjs=",
                            "requires": {
                                "typical": "^2.6.0"
                            }
                        }
                    }
                },
                "through": {
                    "version": "2.3.8",
                    "resolved": "https://registry.npmjs.org/through/-/through-2.3.8.tgz",
                    "integrity": "sha1-DdTJ/6q8NXlgsbckEV1+Doai4fU="
                },
                "tmp": {
                    "version": "0.0.33",
                    "resolved": "https://registry.npmjs.org/tmp/-/tmp-0.0.33.tgz",
                    "integrity": "sha512-jRCJlojKnZ3addtTOjdIqoRuPEKBvNXcGYqzO6zWZX8KfKEpnGY5jfggJQ3EjKuu8D4bJRr0y+cYJFmYbImXGw==",
                    "requires": {
                        "os-tmpdir": "~1.0.2"
                    }
                },
                "toml": {
                    "version": "2.3.6",
                    "resolved": "https://registry.npmjs.org/toml/-/toml-2.3.6.tgz",
                    "integrity": "sha512-gVweAectJU3ebq//Ferr2JUY4WKSDe5N+z0FvjDncLGyHmIDoxgY/2Ie4qfEIDm4IS7OA6Rmdm7pdEEdMcV/xQ=="
                },
                "ts-typed-json": {
                    "version": "0.2.2",
                    "resolved": "https://registry.npmjs.org/ts-typed-json/-/ts-typed-json-0.2.2.tgz",
                    "integrity": "sha1-UxhL7ok+RZkbc8jEY6OLWeJ81H4=",
                    "requires": {
                        "rsvp": "^3.5.0"
                    },
                    "dependencies": {
                        "rsvp": {
                            "version": "3.6.2",
                            "resolved": "https://registry.npmjs.org/rsvp/-/rsvp-3.6.2.tgz",
                            "integrity": "sha512-OfWGQTb9vnwRjwtA2QwpG2ICclHC3pgXZO5xt8H2EfgDquO0qVdSb5T88L4qJVAEugbS56pAuV4XZM58UX8ulw=="
                        }
                    }
                },
                "typescript": {
                    "version": "4.1.3",
                    "resolved": "https://registry.npmjs.org/typescript/-/typescript-4.1.3.tgz",
                    "integrity": "sha512-B3ZIOf1IKeH2ixgHhj6la6xdwR9QrLC5d1VKeCSY4tvkqhF2eqd9O7txNlS0PO3GrBAFIdr3L1ndNwteUbZLYg=="
                },
                "typical": {
                    "version": "2.6.1",
                    "resolved": "https://registry.npmjs.org/typical/-/typical-2.6.1.tgz",
                    "integrity": "sha1-XAgOXWYcu+OCWdLnCjxyU+hziB0="
                },
                "uglify-js": {
                    "version": "3.12.4",
                    "resolved": "https://registry.npmjs.org/uglify-js/-/uglify-js-3.12.4.tgz",
                    "integrity": "sha512-L5i5jg/SHkEqzN18gQMTWsZk3KelRsfD1wUVNqtq0kzqWQqcJjyL8yc1o8hJgRrWqrAl2mUFbhfznEIoi7zi2A==",
                    "optional": true
                },
                "validate-npm-package-license": {
                    "version": "3.0.4",
                    "resolved": "https://registry.npmjs.org/validate-npm-package-license/-/validate-npm-package-license-3.0.4.tgz",
                    "integrity": "sha512-DpKm2Ui/xN7/HQKCtpZxoRWBhZ9Z0kqtygG8XCgNQ8ZlDnxuQmWhj566j8fN4Cu3/JmbhsDo7fcAJq4s9h27Ew==",
                    "requires": {
                        "spdx-correct": "^3.0.0",
                        "spdx-expression-parse": "^3.0.0"
                    }
                },
                "validate-npm-package-name": {
                    "version": "3.0.0",
                    "resolved": "https://registry.npmjs.org/validate-npm-package-name/-/validate-npm-package-name-3.0.0.tgz",
                    "integrity": "sha1-X6kS2B630MdK/BQN5zF/DKffQ34=",
                    "requires": {
                        "builtins": "^1.0.3"
                    }
                },
                "wordwrap": {
                    "version": "1.0.0",
                    "resolved": "https://registry.npmjs.org/wordwrap/-/wordwrap-1.0.0.tgz",
                    "integrity": "sha1-J1hIEIkUVqQXHI0CJkQa3pDLyus="
                },
                "wordwrapjs": {
                    "version": "3.0.0",
                    "resolved": "https://registry.npmjs.org/wordwrapjs/-/wordwrapjs-3.0.0.tgz",
                    "integrity": "sha512-mO8XtqyPvykVCsrwj5MlOVWvSnCdT+C+QVbm6blradR7JExAhbkZ7hZ9A+9NUtwzSqrlUo9a67ws0EiILrvRpw==",
                    "requires": {
                        "reduce-flatten": "^1.0.1",
                        "typical": "^2.6.1"
                    }
                },
                "wrappy": {
                    "version": "1.0.2",
                    "resolved": "https://registry.npmjs.org/wrappy/-/wrappy-1.0.2.tgz",
                    "integrity": "sha1-tSQ9jz7BqjXxNkYFvA0QNuMKtp8="
                }
            }
        }
    }
}
