{
  "version": "3",
  "packages": {
    "specifiers": {
      "npm:slint-ui@1.7.2": "npm:slint-ui@1.7.2"
    },
    "npm": {
      "@napi-rs/cli@2.18.4": {
        "integrity": "sha512-SgJeA4df9DE2iAEpr3M2H0OKl/yjtg1BnRI5/JyowS71tUWhrfSu2LT0V3vlHET+g1hBVlrO60PmEXwUEKp8Mg==",
        "dependencies": {}
      },
      "@slint-ui/slint-ui-binary-darwin-arm64@1.7.2": {
        "integrity": "sha512-O97aGULUMtc+YjaQXMWrXwX+Do0JZkF9kgm1LBWEOvwJj3G7gkowYAYsJZQmcH5Y/1eJLz2IWKnYL1qVtTtE8Q==",
        "dependencies": {}
      },
      "@slint-ui/slint-ui-binary-darwin-x64@1.7.2": {
        "integrity": "sha512-UGfgB/0NVJcBW1SpGSmgOiuIlv0PVI0KRJ6lY/NC+vYC2Yocq5TxhNX5YVf16fCR2Nkeh9P0mhuJ0M0Xp3tXsg==",
        "dependencies": {}
      },
      "@slint-ui/slint-ui-binary-linux-x64-gnu@1.7.2": {
        "integrity": "sha512-JVWXiOb4iSp8mJcrba9FbnEgnQJ0P6yEV/U65l7Twg28hO1sOuAMFJ7VAkKRRW8IZNrNKtHXXNPS8y/5eF+GYQ==",
        "dependencies": {}
      },
      "@slint-ui/slint-ui-binary-win32-ia32-msvc@1.7.2": {
        "integrity": "sha512-oU46OaHHxldJV/BjpF4AzrbcCao3ohnveZ5JYI4+Jn3uQpu1rSzgxVUvKoBmooyWS49THsh/uJHJZzfzKLHnqg==",
        "dependencies": {}
      },
      "@slint-ui/slint-ui-binary-win32-x64-msvc@1.7.2": {
        "integrity": "sha512-hC6p45XCVLkr2o68e1Lp5ftTwn32B/QB3pPDAn6Mo/w0UTl/9hE+DGRfajH05JY2MkU6Lp5WSvzUPiGDnSkiCA==",
        "dependencies": {}
      },
      "slint-ui@1.7.2": {
        "integrity": "sha512-Tyv59TZh9PELNYfOY1lsy4uViE1TARlZSX1CdjimaUHoYvd2VmocaMNiJ2mzi6gEYlQVm7plRcwyNWbdko9Waw==",
        "dependencies": {
          "@napi-rs/cli": "@napi-rs/cli@2.18.4",
          "@slint-ui/slint-ui-binary-darwin-arm64": "@slint-ui/slint-ui-binary-darwin-arm64@1.7.2",
          "@slint-ui/slint-ui-binary-darwin-x64": "@slint-ui/slint-ui-binary-darwin-x64@1.7.2",
          "@slint-ui/slint-ui-binary-linux-x64-gnu": "@slint-ui/slint-ui-binary-linux-x64-gnu@1.7.2",
          "@slint-ui/slint-ui-binary-win32-ia32-msvc": "@slint-ui/slint-ui-binary-win32-ia32-msvc@1.7.2",
          "@slint-ui/slint-ui-binary-win32-x64-msvc": "@slint-ui/slint-ui-binary-win32-x64-msvc@1.7.2"
        }
      }
    }
  },
  "remote": {}
}
